{
    "_readme": [
        "This file locks the dependencies of your project to a known state",
        "Read more about it at https://getcomposer.org/doc/01-basic-usage.md#composer-lock-the-lock-file",
        "This file is @generated automatically"
    ],
    "hash": "83f3462b9be4ca8b9a1049e9105ba651",
    "content-hash": "2d6bf962e1f6195930a0a502d6af197f",
    "packages": [
        {
            "name": "composer/installers",
            "version": "v1.0.21",
            "source": {
                "type": "git",
                "url": "https://github.com/composer/installers.git",
                "reference": "d64e23fce42a4063d63262b19b8e7c0f3b5e4c45"
            },
            "dist": {
                "type": "zip",
                "url": "https://api.github.com/repos/composer/installers/zipball/d64e23fce42a4063d63262b19b8e7c0f3b5e4c45",
                "reference": "d64e23fce42a4063d63262b19b8e7c0f3b5e4c45",
                "shasum": ""
            },
            "replace": {
                "roundcube/plugin-installer": "*",
                "shama/baton": "*"
            },
            "require-dev": {
                "composer/composer": "1.0.*@dev",
                "phpunit/phpunit": "4.1.*"
            },
            "type": "composer-installer",
            "extra": {
                "class": "Composer\\Installers\\Installer",
                "branch-alias": {
                    "dev-master": "1.0-dev"
                }
            },
            "autoload": {
                "psr-0": {
                    "Composer\\Installers\\": "src/"
                }
            },
            "notification-url": "https://packagist.org/downloads/",
            "license": [
                "MIT"
            ],
            "authors": [
                {
                    "name": "Kyle Robinson Young",
                    "email": "kyle@dontkry.com",
                    "homepage": "https://github.com/shama"
                }
            ],
            "description": "A multi-framework Composer library installer",
            "homepage": "http://composer.github.com/installers/",
            "keywords": [
                "Craft",
                "Dolibarr",
                "Hurad",
                "MODX Evo",
                "OXID",
                "SMF",
                "Thelia",
                "WolfCMS",
                "agl",
                "aimeos",
                "annotatecms",
                "bitrix",
                "cakephp",
                "chef",
                "codeigniter",
                "concrete5",
                "croogo",
                "dokuwiki",
                "drupal",
                "elgg",
                "fuelphp",
                "grav",
                "installer",
                "joomla",
                "kohana",
                "laravel",
                "lithium",
                "magento",
                "mako",
                "mediawiki",
                "modulework",
                "moodle",
                "phpbb",
                "piwik",
                "ppi",
                "puppet",
                "roundcube",
                "shopware",
                "silverstripe",
                "symfony",
                "typo3",
                "wordpress",
                "zend",
                "zikula"
            ],
            "time": "2015-02-18 17:17:01"
        },
        {
            "name": "donatj/phpuseragentparser",
            "version": "v0.5.0",
            "source": {
                "type": "git",
                "url": "https://github.com/donatj/PhpUserAgent.git",
                "reference": "1acea75664179c8f0dcd57ced7e75a01af86bfa8"
            },
            "dist": {
                "type": "zip",
                "url": "https://api.github.com/repos/donatj/PhpUserAgent/zipball/1acea75664179c8f0dcd57ced7e75a01af86bfa8",
                "reference": "1acea75664179c8f0dcd57ced7e75a01af86bfa8",
                "shasum": ""
            },
            "require": {
                "php": ">=5.3.0"
            },
            "require-dev": {
                "camspiers/json-pretty": "0.1.*",
                "donatj/drop": "*",
                "phpunit/phpunit": "4.*"
            },
            "type": "library",
            "autoload": {
                "files": [
                    "Source/UserAgentParser.php"
                ]
            },
            "notification-url": "https://packagist.org/downloads/",
            "license": [
                "MIT"
            ],
            "authors": [
                {
                    "name": "Jesse G. Donat",
                    "email": "donatj@gmail.com",
                    "homepage": "http://donatstudios.com",
                    "role": "Developer"
                }
            ],
            "description": "Simple, streamlined PHP user-agent parser",
            "homepage": "http://donatstudios.com/PHP-Parser-HTTP_USER_AGENT",
            "keywords": [
                "browser",
                "browser detection",
                "parser",
                "user agent",
                "useragent"
            ],
            "time": "2015-09-22 21:04:13"
        },
        {
            "name": "johnpbloch/wordpress",
            "version": "4.3",
            "source": {
                "type": "git",
                "url": "https://github.com/johnpbloch/wordpress.git",
                "reference": "2afe902599538caaa0f1fd7579895dd7cc0ac5f7"
            },
            "dist": {
                "type": "zip",
                "url": "https://api.github.com/repos/johnpbloch/wordpress/zipball/2afe902599538caaa0f1fd7579895dd7cc0ac5f7",
                "reference": "2afe902599538caaa0f1fd7579895dd7cc0ac5f7",
                "shasum": ""
            },
            "require": {
                "johnpbloch/wordpress-core-installer": "~0.2",
                "php": ">=5.3.2"
            },
            "type": "wordpress-core",
            "notification-url": "https://packagist.org/downloads/",
            "license": [
                "GPL-2.0+"
            ],
            "authors": [
                {
                    "name": "WordPress Community",
                    "homepage": "http://wordpress.org/about/"
                }
            ],
            "description": "WordPress is web software you can use to create a beautiful website or blog.",
            "homepage": "http://wordpress.org/",
            "keywords": [
                "blog",
                "cms"
            ],
            "time": "2015-08-18 18:16:11"
        },
        {
            "name": "johnpbloch/wordpress-core-installer",
            "version": "0.2.1",
            "source": {
                "type": "git",
                "url": "https://github.com/johnpbloch/wordpress-core-installer.git",
                "reference": "a04c2c383ef13aae077f36799ed2eafdebd618d2"
            },
            "dist": {
                "type": "zip",
                "url": "https://api.github.com/repos/johnpbloch/wordpress-core-installer/zipball/a04c2c383ef13aae077f36799ed2eafdebd618d2",
                "reference": "a04c2c383ef13aae077f36799ed2eafdebd618d2",
                "shasum": ""
            },
            "require": {
                "composer-plugin-api": "^1.0"
            },
            "conflict": {
                "composer/installers": "<1.0.6"
            },
            "require-dev": {
                "composer/composer": "1.0.*@dev"
            },
            "type": "composer-plugin",
            "extra": {
                "class": "johnpbloch\\Composer\\WordPressCorePlugin"
            },
            "autoload": {
                "psr-0": {
                    "johnpbloch\\Composer\\": "src/"
                }
            },
            "notification-url": "https://packagist.org/downloads/",
            "license": [
                "GPL-2.0+"
            ],
            "authors": [
                {
                    "name": "John P. Bloch",
                    "email": "me@johnpbloch.com"
                }
            ],
            "description": "A custom installer to handle deploying WordPress with composer",
            "keywords": [
                "wordpress"
            ],
            "time": "2015-06-11 15:15:30"
        },
        {
            "name": "roots/soil",
            "version": "3.4.0",
            "source": {
                "type": "git",
                "url": "https://github.com/roots/soil.git",
                "reference": "adaf4a0941224dfeab470a123d59dd925fc65004"
            },
            "dist": {
                "type": "zip",
                "url": "https://api.github.com/repos/roots/soil/zipball/adaf4a0941224dfeab470a123d59dd925fc65004",
                "reference": "adaf4a0941224dfeab470a123d59dd925fc65004",
                "shasum": ""
            },
            "require": {
                "composer/installers": "~1.0",
                "php": ">=5.4.0"
            },
            "type": "wordpress-plugin",
            "notification-url": "https://packagist.org/downloads/",
            "license": [
                "MIT"
            ],
            "authors": [
                {
                    "name": "Scott Walkinshaw",
                    "email": "scott.walkinshaw@gmail.com",
                    "homepage": "https://github.com/swalkinshaw"
                },
                {
                    "name": "Ben Word",
                    "email": "ben@benword.com",
                    "homepage": "https://github.com/retlehs"
                }
            ],
            "description": "Clean up WordPress markup, relative URLs, nice search",
            "homepage": "https://roots.io/plugins/soil/",
            "keywords": [
                "wordpress"
            ],
            "time": "2015-04-29 04:46:56"
        },
        {
            "name": "roots/wp-h5bp-htaccess",
            "version": "2.0.1",
            "source": {
                "type": "git",
                "url": "https://github.com/roots/wp-h5bp-htaccess.git",
                "reference": "0df13d083b2d579f13f9aa3d639ed59c746d6a91"
            },
            "dist": {
                "type": "zip",
                "url": "https://api.github.com/repos/roots/wp-h5bp-htaccess/zipball/0df13d083b2d579f13f9aa3d639ed59c746d6a91",
                "reference": "0df13d083b2d579f13f9aa3d639ed59c746d6a91",
                "shasum": ""
            },
            "require": {
                "composer/installers": "~1.0.12",
                "php": ">=5.4.0"
            },
            "type": "wordpress-plugin",
            "notification-url": "https://packagist.org/downloads/",
            "license": [
                "MIT"
            ],
            "authors": [
                {
                    "name": "Scott Walkinshaw",
                    "email": "scott.walkinshaw@gmail.com",
                    "homepage": "https://github.com/swalkinshaw"
                },
                {
                    "name": "Ben Word",
                    "email": "ben@benword.com",
                    "homepage": "https://github.com/retlehs"
                }
            ],
            "description": "HTML5 Boilerplate's .htaccess for WordPress",
            "homepage": "http://roots.io/plugins/html5-boilerplate-htaccess/",
            "keywords": [
                "wordpress"
            ],
            "time": "2015-04-28 16:34:17"
        },
        {
            "name": "symfony/var-dumper",
            "version": "v2.7.3",
            "source": {
                "type": "git",
                "url": "https://github.com/symfony/var-dumper.git",
                "reference": "e8903ebba5eb019f5886ffce739ea9e3b7519579"
            },
            "dist": {
                "type": "zip",
                "url": "https://api.github.com/repos/symfony/var-dumper/zipball/e8903ebba5eb019f5886ffce739ea9e3b7519579",
                "reference": "e8903ebba5eb019f5886ffce739ea9e3b7519579",
                "shasum": ""
            },
            "require": {
                "php": ">=5.3.9"
            },
            "require-dev": {
                "symfony/phpunit-bridge": "~2.7"
            },
            "suggest": {
                "ext-symfony_debug": ""
            },
            "type": "library",
            "extra": {
                "branch-alias": {
                    "dev-master": "2.7-dev"
                }
            },
            "autoload": {
                "files": [
                    "Resources/functions/dump.php"
                ],
                "psr-4": {
                    "Symfony\\Component\\VarDumper\\": ""
                }
            },
            "notification-url": "https://packagist.org/downloads/",
            "license": [
                "MIT"
            ],
            "authors": [
                {
                    "name": "Nicolas Grekas",
                    "email": "p@tchwork.com"
                },
                {
                    "name": "Symfony Community",
                    "homepage": "https://symfony.com/contributors"
                }
            ],
            "description": "Symfony mechanism for exploring and dumping PHP variables",
            "homepage": "https://symfony.com",
            "keywords": [
                "debug",
                "dump"
            ],
            "time": "2015-07-28 15:18:12"
        },
        {
            "name": "vlucas/phpdotenv",
            "version": "v1.0.9",
            "source": {
                "type": "git",
                "url": "https://github.com/vlucas/phpdotenv.git",
                "reference": "56c252d48dce336da97926591aed71805203815b"
            },
            "dist": {
                "type": "zip",
                "url": "https://api.github.com/repos/vlucas/phpdotenv/zipball/56c252d48dce336da97926591aed71805203815b",
                "reference": "56c252d48dce336da97926591aed71805203815b",
                "shasum": ""
            },
            "require": {
                "php": ">=5.3.2"
            },
            "require-dev": {
                "phpunit/phpunit": "~4.0"
            },
            "type": "library",
            "extra": {
                "branch-alias": {
                    "dev-master": "1.0-dev"
                }
            },
            "autoload": {
                "psr-0": {
                    "Dotenv": "src/"
                }
            },
            "notification-url": "https://packagist.org/downloads/",
            "license": [
                "BSD"
            ],
            "authors": [
                {
                    "name": "Vance Lucas",
                    "email": "vance@vancelucas.com",
                    "homepage": "http://www.vancelucas.com"
                }
            ],
            "description": "Loads environment variables from `.env` to `getenv()`, `$_ENV` and `$_SERVER` automagically.",
            "homepage": "http://github.com/vlucas/phpdotenv",
            "keywords": [
                "dotenv",
                "env",
                "environment"
            ],
            "time": "2014-10-16 14:50:21"
        },
        {
            "name": "wpackagist-plugin/access-monitor",
            "version": "1.0.4",
            "source": {
                "type": "svn",
                "url": "http://plugins.svn.wordpress.org/access-monitor/",
                "reference": "tags/1.0.4"
            },
            "dist": {
                "type": "zip",
                "url": "https://downloads.wordpress.org/plugin/access-monitor.1.0.4.zip",
                "reference": null,
                "shasum": null
            },
            "require": {
                "composer/installers": "~1.0"
            },
            "type": "wordpress-plugin",
            "homepage": "https://wordpress.org/plugins/access-monitor/"
        },
        {
            "name": "wpackagist-plugin/google-sitemap-generator",
            "version": "4.0.8",
            "source": {
                "type": "svn",
                "url": "http://plugins.svn.wordpress.org/google-sitemap-generator/",
                "reference": "tags/4.0.8"
            },
            "dist": {
                "type": "zip",
                "url": "https://downloads.wordpress.org/plugin/google-sitemap-generator.4.0.8.zip",
                "reference": null,
                "shasum": null
            },
            "require": {
                "composer/installers": "~1.0"
            },
            "type": "wordpress-plugin",
            "homepage": "https://wordpress.org/plugins/google-sitemap-generator/"
        },
        {
            "name": "wpackagist-plugin/pods",
            "version": "2.5.4",
            "source": {
                "type": "svn",
                "url": "http://plugins.svn.wordpress.org/pods/",
                "reference": "tags/2.5.4"
            },
            "dist": {
                "type": "zip",
                "url": "https://downloads.wordpress.org/plugin/pods.2.5.4.zip",
                "reference": null,
                "shasum": null
            },
            "require": {
                "composer/installers": "~1.0"
            },
            "type": "wordpress-plugin",
            "homepage": "https://wordpress.org/plugins/pods/"
        },
        {
            "name": "wpackagist-plugin/tinymce-advanced",
            "version": "4.2.3.1",
            "source": {
                "type": "svn",
                "url": "http://plugins.svn.wordpress.org/tinymce-advanced/",
                "reference": "tags/4.2.3.1"
            },
            "dist": {
                "type": "zip",
                "url": "https://downloads.wordpress.org/plugin/tinymce-advanced.4.2.3.1.zip",
                "reference": null,
                "shasum": null
            },
            "require": {
                "composer/installers": "~1.0"
            },
            "type": "wordpress-plugin",
            "homepage": "https://wordpress.org/plugins/tinymce-advanced/"
        },
        {
            "name": "wpackagist-plugin/wp-accessibility",
            "version": "1.4.4",
            "source": {
                "type": "svn",
                "url": "http://plugins.svn.wordpress.org/wp-accessibility/",
                "reference": "tags/1.4.4"
            },
            "dist": {
                "type": "zip",
                "url": "https://downloads.wordpress.org/plugin/wp-accessibility.1.4.4.zip",
                "reference": null,
                "shasum": null
            },
            "require": {
                "composer/installers": "~1.0"
            },
            "type": "wordpress-plugin",
            "homepage": "https://wordpress.org/plugins/wp-accessibility/"
        },
        {
            "name": "wpackagist-plugin/wp-better-emails",
            "version": "0.2.8",
            "source": {
                "type": "svn",
                "url": "http://plugins.svn.wordpress.org/wp-better-emails/",
                "reference": "tags/0.2.8"
            },
            "dist": {
                "type": "zip",
                "url": "https://downloads.wordpress.org/plugin/wp-better-emails.0.2.8.zip",
                "reference": null,
                "shasum": null
            },
            "require": {
                "composer/installers": "~1.0"
            },
            "type": "wordpress-plugin",
            "homepage": "https://wordpress.org/plugins/wp-better-emails/"
        },
        {
            "name": "wpackagist-plugin/wp-super-cache",
            "version": "1.4.4",
            "source": {
                "type": "svn",
                "url": "http://plugins.svn.wordpress.org/wp-super-cache/",
                "reference": "tags/1.4.4"
            },
            "dist": {
                "type": "zip",
                "url": "https://downloads.wordpress.org/plugin/wp-super-cache.1.4.4.zip",
                "reference": null,
                "shasum": null
            },
            "require": {
                "composer/installers": "~1.0"
            },
            "type": "wordpress-plugin",
            "homepage": "https://wordpress.org/plugins/wp-super-cache/"
        },
        {
            "name": "wpackagist-plugin/wpmandrill",
            "version": "1.33",
            "source": {
                "type": "svn",
                "url": "http://plugins.svn.wordpress.org/wpmandrill/",
                "reference": "tags/1.33"
            },
            "dist": {
                "type": "zip",
                "url": "https://downloads.wordpress.org/plugin/wpmandrill.1.33.zip",
                "reference": null,
                "shasum": null
            },
            "require": {
                "composer/installers": "~1.0"
            },
            "type": "wordpress-plugin",
            "homepage": "https://wordpress.org/plugins/wpmandrill/"
        },
        {
            "name": "xrstf/composer-php52",
            "version": "v1.0.18",
            "source": {
                "type": "hg",
                "url": "https://bitbucket.org/xrstf/composer-php52",
                "reference": "32bc8be472523512b0ab1517f61d60bc4032803d"
            },
            "dist": {
                "type": "zip",
                "url": "https://bitbucket.org/xrstf/composer-php52/get/32bc8be472523512b0ab1517f61d60bc4032803d.zip",
                "reference": "32bc8be472523512b0ab1517f61d60bc4032803d",
                "shasum": ""
            },
            "type": "library",
            "extra": {
                "branch-alias": {
                    "dev-default": "1.x-dev"
                }
            },
            "autoload": {
                "psr-0": {
                    "xrstf\\Composer52": "lib/"
                }
            },
            "notification-url": "https://packagist.org/downloads/",
            "license": [
                "MIT"
            ],
            "homepage": "http://www.xrstf.de/",
            "time": "2015-08-07 21:44:58"
        },
        {
            "name": "yoast/api-libs",
            "version": "2.0",
            "source": {
                "type": "git",
                "url": "https://github.com/Yoast/api-libs.git",
                "reference": "e7361081a1d6ae79c0b96c8363379435ea736ef8"
            },
            "dist": {
                "type": "zip",
                "url": "https://api.github.com/repos/Yoast/api-libs/zipball/e7361081a1d6ae79c0b96c8363379435ea736ef8",
                "reference": "e7361081a1d6ae79c0b96c8363379435ea736ef8",
                "shasum": ""
            },
            "type": "library",
            "autoload": {
                "classmap": [
                    "class-api-libs.php"
                ]
            },
            "notification-url": "https://packagist.org/downloads/",
            "license": [
                "GPL-3.0"
            ],
            "authors": [
                {
                    "name": "Team Yoast",
                    "email": "support@yoast.com",
                    "homepage": "https://yoast.com"
                }
            ],
            "description": "Shared API libraries for Yoast projects.",
            "homepage": "https://github.com/Yoast/api-libs",
            "keywords": [
                "wordpress"
            ],
            "time": "2015-07-14 10:25:59"
        },
        {
            "name": "yoast/i18n-module",
            "version": "1.0",
            "source": {
                "type": "git",
                "url": "https://github.com/Yoast/i18n-module.git",
                "reference": "4648918ccf8bc6da12eadf57e4bece4829af29b3"
            },
            "dist": {
                "type": "zip",
                "url": "https://api.github.com/repos/Yoast/i18n-module/zipball/4648918ccf8bc6da12eadf57e4bece4829af29b3",
                "reference": "4648918ccf8bc6da12eadf57e4bece4829af29b3",
                "shasum": ""
            },
            "type": "library",
            "autoload": {
                "classmap": [
                    "i18n-module.php"
                ]
            },
            "notification-url": "https://packagist.org/downloads/",
            "license": [
                "GPL-2.0+"
            ],
            "authors": [
                {
                    "name": "Team Yoast",
                    "email": "support@yoast.com",
                    "homepage": "https://yoast.com"
                }
            ],
            "description": "Handle i18n for WordPress plugins.",
            "homepage": "https://github.com/Yoast/i18n-module",
            "keywords": [
                "wordpress"
            ],
            "time": "2015-04-22 12:48:39"
        },
        {
            "name": "yoast/license-manager",
            "version": "1.2",
            "source": {
                "type": "git",
                "url": "https://github.com/Yoast/License-Manager.git",
                "reference": "8caf52202bf51011686e31c9a43b18731047f1be"
            },
            "dist": {
                "type": "zip",
                "url": "https://api.github.com/repos/Yoast/License-Manager/zipball/8caf52202bf51011686e31c9a43b18731047f1be",
                "reference": "8caf52202bf51011686e31c9a43b18731047f1be",
                "shasum": ""
            },
            "type": "library",
            "autoload": {
                "classmap": [
                    "class-api-request.php",
                    "class-license-manager.php",
                    "class-plugin-license-manager.php",
                    "class-plugin-update-manager.php",
                    "class-product.php",
                    "class-theme-license-manager.php",
                    "class-theme-update-manager.php",
                    "class-update-manager.php"
                ]
            },
            "notification-url": "https://packagist.org/downloads/",
            "license": [
                "GPL-2.0+"
            ],
            "authors": [
                {
                    "name": "Team Yoast",
                    "email": "support@yoast.com",
                    "homepage": "https://yoast.com"
                }
            ],
            "description": "Yoast License Manager.",
            "homepage": "https://github.com/Yoast/License-Manager",
            "keywords": [
                "wordpress"
            ],
            "time": "2015-03-16 11:51:33"
        },
        {
            "name": "yoast/wordpress-seo",
            "version": "2.3.4",
            "source": {
                "type": "git",
                "url": "https://github.com/Yoast/wordpress-seo.git",
                "reference": "136b3ed9b88ebdb8b5c829e4f0b1ef1ebf2d174b"
            },
            "dist": {
                "type": "zip",
                "url": "https://api.github.com/repos/Yoast/wordpress-seo/zipball/136b3ed9b88ebdb8b5c829e4f0b1ef1ebf2d174b",
                "reference": "136b3ed9b88ebdb8b5c829e4f0b1ef1ebf2d174b",
                "shasum": ""
            },
            "require": {
                "composer/installers": "~1.0",
                "xrstf/composer-php52": "^1.0.17",
                "yoast/api-libs": "^2.0",
                "yoast/i18n-module": "^1.0",
                "yoast/license-manager": "^1.2"
            },
            "require-dev": {
                "yoast/yoastcs": "dev-master"
            },
            "type": "wordpress-plugin",
            "autoload": {
                "classmap": [
                    "admin/",
                    "frontend/",
                    "inc/"
                ]
            },
            "notification-url": "https://packagist.org/downloads/",
            "license": [
                "GPL-2.0+"
            ],
            "authors": [
                {
                    "name": "Team Yoast",
                    "email": "support@yoast.com",
                    "homepage": "https://yoast.com"
                }
            ],
            "description": "Improve your WordPress SEO: Write better content and have a fully optimized WordPress site using the Yoast SEO plugin.",
            "homepage": "https://yoast.com/wordpress/plugins/seo/",
            "keywords": [
                "seo",
                "wordpress"
            ],
            "time": "2015-08-06 15:30:04"
        }
    ],
    "packages-dev": [],
    "aliases": [],
    "minimum-stability": "stable",
    "stability-flags": [],
    "prefer-stable": false,
    "prefer-lowest": false,
    "platform": {
        "php": ">=5.4"
    },
    "platform-dev": []
}
